// !$*UTF8*$!
{
	archiveVersion = 1;
	classes = {
	};
	objectVersion = 48;
	objects = {

/* Begin PBXBuildFile section */
		4968F0421F53109500DC43C0 /* Decoder.swift in Sources */ = {isa = PBXBuildFile; fileRef = 4968F0411F53109500DC43C0 /* Decoder.swift */; };
		8B6A36921F60B05300C25977 /* URLEncoder.swift in Sources */ = {isa = PBXBuildFile; fileRef = 8B6A368E1F60B05300C25977 /* URLEncoder.swift */; };
		8B6A36931F60B05300C25977 /* URLDecoder.swift in Sources */ = {isa = PBXBuildFile; fileRef = 8B6A368F1F60B05300C25977 /* URLDecoder.swift */; };
		8B6A36941F60B05300C25977 /* URLQuerySerializer.swift in Sources */ = {isa = PBXBuildFile; fileRef = 8B6A36901F60B05300C25977 /* URLQuerySerializer.swift */; };
		8B7FF65F1F758673004CC066 /* CoderTests.swift in Sources */ = {isa = PBXBuildFile; fileRef = 8B7FF65E1F758673004CC066 /* CoderTests.swift */; };
		8B998EC41F6B3AFD008C4941 /* URLDecoderTests.swift in Sources */ = {isa = PBXBuildFile; fileRef = 8B998EC31F6B3AFD008C4941 /* URLDecoderTests.swift */; };
		8B9B0BA51F589C56005883C3 /* Extensions.swift in Sources */ = {isa = PBXBuildFile; fileRef = 8B9B0BA41F589C56005883C3 /* Extensions.swift */; };
		8B9B0BA71F58CBAB005883C3 /* Decoder Helpful Methods.swift in Sources */ = {isa = PBXBuildFile; fileRef = 8B9B0BA61F58CBAB005883C3 /* Decoder Helpful Methods.swift */; };
		8B9B0BA91F58CD1C005883C3 /* Encoder Helpful Methods.swift in Sources */ = {isa = PBXBuildFile; fileRef = 8B9B0BA81F58CD1C005883C3 /* Encoder Helpful Methods.swift */; };
		8B9EB6421F69BD9E005F14F7 /* DecoderTests.swift in Sources */ = {isa = PBXBuildFile; fileRef = 8B9EB6411F69BD9E005F14F7 /* DecoderTests.swift */; };
		8B9EB6441F69E754005F14F7 /* URLEncoderTests.swift in Sources */ = {isa = PBXBuildFile; fileRef = 8B9EB6431F69E754005F14F7 /* URLEncoderTests.swift */; };
		8BA33A4F1F4E3D2900BA7334 /* SimplifiedCoder.h in Headers */ = {isa = PBXBuildFile; fileRef = 8BA33A4D1F4E3D2900BA7334 /* SimplifiedCoder.h */; settings = {ATTRIBUTES = (Public, ); }; };
		8BA33A561F4E3DB000BA7334 /* Encoder.swift in Sources */ = {isa = PBXBuildFile; fileRef = 8BA33A551F4E3DB000BA7334 /* Encoder.swift */; };
		8BA33A5E1F4E3DCB00BA7334 /* EncoderTests.swift in Sources */ = {isa = PBXBuildFile; fileRef = 8BA33A5D1F4E3DCB00BA7334 /* EncoderTests.swift */; };
		8BA33A601F4E3DCB00BA7334 /* SimplifiedCoder.framework in Frameworks */ = {isa = PBXBuildFile; fileRef = 8BA33A4A1F4E3D2900BA7334 /* SimplifiedCoder.framework */; };
/* End PBXBuildFile section */

/* Begin PBXContainerItemProxy section */
		8BA33A611F4E3DCB00BA7334 /* PBXContainerItemProxy */ = {
			isa = PBXContainerItemProxy;
			containerPortal = 8BA33A411F4E3D2900BA7334 /* Project object */;
			proxyType = 1;
			remoteGlobalIDString = 8BA33A491F4E3D2900BA7334;
			remoteInfo = SimplifiedCoder;
		};
/* End PBXContainerItemProxy section */

/* Begin PBXFileReference section */
		4968F0411F53109500DC43C0 /* Decoder.swift */ = {isa = PBXFileReference; lastKnownFileType = sourcecode.swift; path = Decoder.swift; sourceTree = "<group>"; };
		8B6A368E1F60B05300C25977 /* URLEncoder.swift */ = {isa = PBXFileReference; fileEncoding = 4; lastKnownFileType = sourcecode.swift; path = URLEncoder.swift; sourceTree = "<group>"; };
		8B6A368F1F60B05300C25977 /* URLDecoder.swift */ = {isa = PBXFileReference; fileEncoding = 4; lastKnownFileType = sourcecode.swift; path = URLDecoder.swift; sourceTree = "<group>"; };
		8B6A36901F60B05300C25977 /* URLQuerySerializer.swift */ = {isa = PBXFileReference; fileEncoding = 4; lastKnownFileType = sourcecode.swift; path = URLQuerySerializer.swift; sourceTree = "<group>"; };
		8B7FF65E1F758673004CC066 /* CoderTests.swift */ = {isa = PBXFileReference; lastKnownFileType = sourcecode.swift; path = CoderTests.swift; sourceTree = "<group>"; };
		8B998EC31F6B3AFD008C4941 /* URLDecoderTests.swift */ = {isa = PBXFileReference; lastKnownFileType = sourcecode.swift; path = URLDecoderTests.swift; sourceTree = "<group>"; };
		8B9B0BA41F589C56005883C3 /* Extensions.swift */ = {isa = PBXFileReference; lastKnownFileType = sourcecode.swift; path = Extensions.swift; sourceTree = "<group>"; };
		8B9B0BA61F58CBAB005883C3 /* Decoder Helpful Methods.swift */ = {isa = PBXFileReference; lastKnownFileType = sourcecode.swift; path = "Decoder Helpful Methods.swift"; sourceTree = "<group>"; };
		8B9B0BA81F58CD1C005883C3 /* Encoder Helpful Methods.swift */ = {isa = PBXFileReference; lastKnownFileType = sourcecode.swift; path = "Encoder Helpful Methods.swift"; sourceTree = "<group>"; };
		8B9EB6411F69BD9E005F14F7 /* DecoderTests.swift */ = {isa = PBXFileReference; lastKnownFileType = sourcecode.swift; path = DecoderTests.swift; sourceTree = "<group>"; };
		8B9EB6431F69E754005F14F7 /* URLEncoderTests.swift */ = {isa = PBXFileReference; lastKnownFileType = sourcecode.swift; path = URLEncoderTests.swift; sourceTree = "<group>"; };
		8BA33A4A1F4E3D2900BA7334 /* SimplifiedCoder.framework */ = {isa = PBXFileReference; explicitFileType = wrapper.framework; includeInIndex = 0; path = SimplifiedCoder.framework; sourceTree = BUILT_PRODUCTS_DIR; };
		8BA33A4D1F4E3D2900BA7334 /* SimplifiedCoder.h */ = {isa = PBXFileReference; lastKnownFileType = sourcecode.c.h; path = SimplifiedCoder.h; sourceTree = "<group>"; };
		8BA33A4E1F4E3D2900BA7334 /* Info.plist */ = {isa = PBXFileReference; lastKnownFileType = text.plist.xml; path = Info.plist; sourceTree = "<group>"; };
		8BA33A551F4E3DB000BA7334 /* Encoder.swift */ = {isa = PBXFileReference; lastKnownFileType = sourcecode.swift; path = Encoder.swift; sourceTree = "<group>"; };
		8BA33A5B1F4E3DCB00BA7334 /* SimplifiedCoderTests.xctest */ = {isa = PBXFileReference; explicitFileType = wrapper.cfbundle; includeInIndex = 0; path = SimplifiedCoderTests.xctest; sourceTree = BUILT_PRODUCTS_DIR; };
		8BA33A5D1F4E3DCB00BA7334 /* EncoderTests.swift */ = {isa = PBXFileReference; lastKnownFileType = sourcecode.swift; path = EncoderTests.swift; sourceTree = "<group>"; };
		8BA33A5F1F4E3DCB00BA7334 /* Info.plist */ = {isa = PBXFileReference; lastKnownFileType = text.plist.xml; path = Info.plist; sourceTree = "<group>"; };
/* End PBXFileReference section */

/* Begin PBXFrameworksBuildPhase section */
		8BA33A461F4E3D2900BA7334 /* Frameworks */ = {
			isa = PBXFrameworksBuildPhase;
			buildActionMask = 2147483647;
			files = (
			);
			runOnlyForDeploymentPostprocessing = 0;
		};
		8BA33A581F4E3DCB00BA7334 /* Frameworks */ = {
			isa = PBXFrameworksBuildPhase;
			buildActionMask = 2147483647;
			files = (
				8BA33A601F4E3DCB00BA7334 /* SimplifiedCoder.framework in Frameworks */,
			);
			runOnlyForDeploymentPostprocessing = 0;
		};
/* End PBXFrameworksBuildPhase section */

/* Begin PBXGroup section */
		8B6A368C1F60AFCA00C25977 /* URLEncoder */ = {
			isa = PBXGroup;
			children = (
				8B6A368F1F60B05300C25977 /* URLDecoder.swift */,
				8B6A368E1F60B05300C25977 /* URLEncoder.swift */,
				8B6A36901F60B05300C25977 /* URLQuerySerializer.swift */,
			);
			path = URLEncoder;
			sourceTree = "<group>";
		};
		8BA33A401F4E3D2900BA7334 = {
			isa = PBXGroup;
			children = (
				8BA33A4C1F4E3D2900BA7334 /* SimplifiedCoder */,
				8BA33A5C1F4E3DCB00BA7334 /* SimplifiedCoderTests */,
				8BA33A4B1F4E3D2900BA7334 /* Products */,
			);
			sourceTree = "<group>";
		};
		8BA33A4B1F4E3D2900BA7334 /* Products */ = {
			isa = PBXGroup;
			children = (
				8BA33A4A1F4E3D2900BA7334 /* SimplifiedCoder.framework */,
				8BA33A5B1F4E3DCB00BA7334 /* SimplifiedCoderTests.xctest */,
			);
			name = Products;
			sourceTree = "<group>";
		};
		8BA33A4C1F4E3D2900BA7334 /* SimplifiedCoder */ = {
			isa = PBXGroup;
			children = (
				8BA33A4D1F4E3D2900BA7334 /* SimplifiedCoder.h */,
				8BA33A4E1F4E3D2900BA7334 /* Info.plist */,
				8B9B0BA41F589C56005883C3 /* Extensions.swift */,
				8BA33A551F4E3DB000BA7334 /* Encoder.swift */,
				8B9B0BA81F58CD1C005883C3 /* Encoder Helpful Methods.swift */,
				4968F0411F53109500DC43C0 /* Decoder.swift */,
				8B9B0BA61F58CBAB005883C3 /* Decoder Helpful Methods.swift */,
				8B6A368C1F60AFCA00C25977 /* URLEncoder */,
			);
			path = SimplifiedCoder;
			sourceTree = "<group>";
		};
		8BA33A5C1F4E3DCB00BA7334 /* SimplifiedCoderTests */ = {
			isa = PBXGroup;
			children = (
				8BA33A5D1F4E3DCB00BA7334 /* EncoderTests.swift */,
				8B7FF65E1F758673004CC066 /* CoderTests.swift */,
				8B9EB6411F69BD9E005F14F7 /* DecoderTests.swift */,
				8B9EB6431F69E754005F14F7 /* URLEncoderTests.swift */,
				8B998EC31F6B3AFD008C4941 /* URLDecoderTests.swift */,
				8BA33A5F1F4E3DCB00BA7334 /* Info.plist */,
			);
			path = SimplifiedCoderTests;
			sourceTree = "<group>";
		};
/* End PBXGroup section */

/* Begin PBXHeadersBuildPhase section */
		8BA33A471F4E3D2900BA7334 /* Headers */ = {
			isa = PBXHeadersBuildPhase;
			buildActionMask = 2147483647;
			files = (
				8BA33A4F1F4E3D2900BA7334 /* SimplifiedCoder.h in Headers */,
			);
			runOnlyForDeploymentPostprocessing = 0;
		};
/* End PBXHeadersBuildPhase section */

/* Begin PBXNativeTarget section */
		8BA33A491F4E3D2900BA7334 /* SimplifiedCoder */ = {
			isa = PBXNativeTarget;
			buildConfigurationList = 8BA33A521F4E3D2900BA7334 /* Build configuration list for PBXNativeTarget "SimplifiedCoder" */;
			buildPhases = (
				8BA33A451F4E3D2900BA7334 /* Sources */,
				8BA33A461F4E3D2900BA7334 /* Frameworks */,
				8BA33A471F4E3D2900BA7334 /* Headers */,
				8BA33A481F4E3D2900BA7334 /* Resources */,
			);
			buildRules = (
			);
			dependencies = (
			);
			name = SimplifiedCoder;
			productName = SimplifiedCoder;
			productReference = 8BA33A4A1F4E3D2900BA7334 /* SimplifiedCoder.framework */;
			productType = "com.apple.product-type.framework";
		};
		8BA33A5A1F4E3DCB00BA7334 /* SimplifiedCoderTests */ = {
			isa = PBXNativeTarget;
			buildConfigurationList = 8BA33A631F4E3DCB00BA7334 /* Build configuration list for PBXNativeTarget "SimplifiedCoderTests" */;
			buildPhases = (
				8BA33A571F4E3DCB00BA7334 /* Sources */,
				8BA33A581F4E3DCB00BA7334 /* Frameworks */,
				8BA33A591F4E3DCB00BA7334 /* Resources */,
			);
			buildRules = (
			);
			dependencies = (
				8BA33A621F4E3DCB00BA7334 /* PBXTargetDependency */,
			);
			name = SimplifiedCoderTests;
			productName = SimplifiedCoderTests;
			productReference = 8BA33A5B1F4E3DCB00BA7334 /* SimplifiedCoderTests.xctest */;
			productType = "com.apple.product-type.bundle.unit-test";
		};
/* End PBXNativeTarget section */

/* Begin PBXProject section */
		8BA33A411F4E3D2900BA7334 /* Project object */ = {
			isa = PBXProject;
			attributes = {
				LastSwiftUpdateCheck = 0900;
				LastUpgradeCheck = 0900;
				ORGANIZATIONNAME = OKAY;
				TargetAttributes = {
					8BA33A491F4E3D2900BA7334 = {
						CreatedOnToolsVersion = 9.0;
						LastSwiftMigration = 0900;
					};
					8BA33A5A1F4E3DCB00BA7334 = {
						CreatedOnToolsVersion = 9.0;
					};
				};
			};
			buildConfigurationList = 8BA33A441F4E3D2900BA7334 /* Build configuration list for PBXProject "SimplifiedCoder" */;
			compatibilityVersion = "Xcode 8.0";
			developmentRegion = en;
			hasScannedForEncodings = 0;
			knownRegions = (
				en,
			);
			mainGroup = 8BA33A401F4E3D2900BA7334;
			productRefGroup = 8BA33A4B1F4E3D2900BA7334 /* Products */;
			projectDirPath = "";
			projectRoot = "";
			targets = (
				8BA33A491F4E3D2900BA7334 /* SimplifiedCoder */,
				8BA33A5A1F4E3DCB00BA7334 /* SimplifiedCoderTests */,
			);
		};
/* End PBXProject section */

/* Begin PBXResourcesBuildPhase section */
		8BA33A481F4E3D2900BA7334 /* Resources */ = {
			isa = PBXResourcesBuildPhase;
			buildActionMask = 2147483647;
			files = (
			);
			runOnlyForDeploymentPostprocessing = 0;
		};
		8BA33A591F4E3DCB00BA7334 /* Resources */ = {
			isa = PBXResourcesBuildPhase;
			buildActionMask = 2147483647;
			files = (
			);
			runOnlyForDeploymentPostprocessing = 0;
		};
/* End PBXResourcesBuildPhase section */

/* Begin PBXSourcesBuildPhase section */
		8BA33A451F4E3D2900BA7334 /* Sources */ = {
			isa = PBXSourcesBuildPhase;
			buildActionMask = 2147483647;
			files = (
				4968F0421F53109500DC43C0 /* Decoder.swift in Sources */,
				8BA33A561F4E3DB000BA7334 /* Encoder.swift in Sources */,
				8B9B0BA71F58CBAB005883C3 /* Decoder Helpful Methods.swift in Sources */,
				8B6A36921F60B05300C25977 /* URLEncoder.swift in Sources */,
				8B6A36931F60B05300C25977 /* URLDecoder.swift in Sources */,
				8B6A36941F60B05300C25977 /* URLQuerySerializer.swift in Sources */,
				8B9B0BA91F58CD1C005883C3 /* Encoder Helpful Methods.swift in Sources */,
				8B9B0BA51F589C56005883C3 /* Extensions.swift in Sources */,
			);
			runOnlyForDeploymentPostprocessing = 0;
		};
		8BA33A571F4E3DCB00BA7334 /* Sources */ = {
			isa = PBXSourcesBuildPhase;
			buildActionMask = 2147483647;
			files = (
				8B998EC41F6B3AFD008C4941 /* URLDecoderTests.swift in Sources */,
				8B7FF65F1F758673004CC066 /* CoderTests.swift in Sources */,
				8B9EB6421F69BD9E005F14F7 /* DecoderTests.swift in Sources */,
				8BA33A5E1F4E3DCB00BA7334 /* EncoderTests.swift in Sources */,
				8B9EB6441F69E754005F14F7 /* URLEncoderTests.swift in Sources */,
			);
			runOnlyForDeploymentPostprocessing = 0;
		};
/* End PBXSourcesBuildPhase section */

/* Begin PBXTargetDependency section */
		8BA33A621F4E3DCB00BA7334 /* PBXTargetDependency */ = {
			isa = PBXTargetDependency;
			target = 8BA33A491F4E3D2900BA7334 /* SimplifiedCoder */;
			targetProxy = 8BA33A611F4E3DCB00BA7334 /* PBXContainerItemProxy */;
		};
/* End PBXTargetDependency section */

/* Begin XCBuildConfiguration section */
		8BA33A501F4E3D2900BA7334 /* Debug */ = {
			isa = XCBuildConfiguration;
			buildSettings = {
				ALWAYS_SEARCH_USER_PATHS = NO;
				CLANG_ANALYZER_NONNULL = YES;
				CLANG_ANALYZER_NUMBER_OBJECT_CONVERSION = YES_AGGRESSIVE;
				CLANG_CXX_LANGUAGE_STANDARD = "gnu++14";
				CLANG_CXX_LIBRARY = "libc++";
				CLANG_ENABLE_MODULES = YES;
				CLANG_ENABLE_OBJC_ARC = YES;
				CLANG_WARN_BLOCK_CAPTURE_AUTORELEASING = YES;
				CLANG_WARN_BOOL_CONVERSION = YES;
				CLANG_WARN_COMMA = YES;
				CLANG_WARN_CONSTANT_CONVERSION = YES;
				CLANG_WARN_DIRECT_OBJC_ISA_USAGE = YES_ERROR;
				CLANG_WARN_DOCUMENTATION_COMMENTS = YES;
				CLANG_WARN_EMPTY_BODY = YES;
				CLANG_WARN_ENUM_CONVERSION = YES;
				CLANG_WARN_INFINITE_RECURSION = YES;
				CLANG_WARN_INT_CONVERSION = YES;
				CLANG_WARN_NON_LITERAL_NULL_CONVERSION = YES;
				CLANG_WARN_OBJC_LITERAL_CONVERSION = YES;
				CLANG_WARN_OBJC_ROOT_CLASS = YES_ERROR;
				CLANG_WARN_RANGE_LOOP_ANALYSIS = YES;
				CLANG_WARN_STRICT_PROTOTYPES = YES;
				CLANG_WARN_SUSPICIOUS_MOVE = YES;
				CLANG_WARN_UNGUARDED_AVAILABILITY = YES_AGGRESSIVE;
				CLANG_WARN_UNREACHABLE_CODE = YES;
				CLANG_WARN__DUPLICATE_METHOD_MATCH = YES;
				CODE_SIGN_IDENTITY = "iPhone Developer";
				COPY_PHASE_STRIP = NO;
				CURRENT_PROJECT_VERSION = 1;
				DEBUG_INFORMATION_FORMAT = dwarf;
				ENABLE_STRICT_OBJC_MSGSEND = YES;
				ENABLE_TESTABILITY = YES;
				GCC_C_LANGUAGE_STANDARD = gnu11;
				GCC_DYNAMIC_NO_PIC = NO;
				GCC_NO_COMMON_BLOCKS = YES;
				GCC_OPTIMIZATION_LEVEL = 0;
				GCC_PREPROCESSOR_DEFINITIONS = (
					"DEBUG=1",
					"$(inherited)",
				);
				GCC_WARN_64_TO_32_BIT_CONVERSION = YES;
				GCC_WARN_ABOUT_RETURN_TYPE = YES_ERROR;
				GCC_WARN_UNDECLARED_SELECTOR = YES;
				GCC_WARN_UNINITIALIZED_AUTOS = YES_AGGRESSIVE;
				GCC_WARN_UNUSED_FUNCTION = YES;
				GCC_WARN_UNUSED_VARIABLE = YES;
				IPHONEOS_DEPLOYMENT_TARGET = 11.0;
				MTL_ENABLE_DEBUG_INFO = YES;
				ONLY_ACTIVE_ARCH = YES;
				SDKROOT = iphoneos;
				SWIFT_ACTIVE_COMPILATION_CONDITIONS = DEBUG;
				SWIFT_OPTIMIZATION_LEVEL = "-Onone";
				VERSIONING_SYSTEM = "apple-generic";
				VERSION_INFO_PREFIX = "";
			};
			name = Debug;
		};
		8BA33A511F4E3D2900BA7334 /* Release */ = {
			isa = XCBuildConfiguration;
			buildSettings = {
				ALWAYS_SEARCH_USER_PATHS = NO;
				CLANG_ANALYZER_NONNULL = YES;
				CLANG_ANALYZER_NUMBER_OBJECT_CONVERSION = YES_AGGRESSIVE;
				CLANG_CXX_LANGUAGE_STANDARD = "gnu++14";
				CLANG_CXX_LIBRARY = "libc++";
				CLANG_ENABLE_MODULES = YES;
				CLANG_ENABLE_OBJC_ARC = YES;
				CLANG_WARN_BLOCK_CAPTURE_AUTORELEASING = YES;
				CLANG_WARN_BOOL_CONVERSION = YES;
				CLANG_WARN_COMMA = YES;
				CLANG_WARN_CONSTANT_CONVERSION = YES;
				CLANG_WARN_DIRECT_OBJC_ISA_USAGE = YES_ERROR;
				CLANG_WARN_DOCUMENTATION_COMMENTS = YES;
				CLANG_WARN_EMPTY_BODY = YES;
				CLANG_WARN_ENUM_CONVERSION = YES;
				CLANG_WARN_INFINITE_RECURSION = YES;
				CLANG_WARN_INT_CONVERSION = YES;
				CLANG_WARN_NON_LITERAL_NULL_CONVERSION = YES;
				CLANG_WARN_OBJC_LITERAL_CONVERSION = YES;
				CLANG_WARN_OBJC_ROOT_CLASS = YES_ERROR;
				CLANG_WARN_RANGE_LOOP_ANALYSIS = YES;
				CLANG_WARN_STRICT_PROTOTYPES = YES;
				CLANG_WARN_SUSPICIOUS_MOVE = YES;
				CLANG_WARN_UNGUARDED_AVAILABILITY = YES_AGGRESSIVE;
				CLANG_WARN_UNREACHABLE_CODE = YES;
				CLANG_WARN__DUPLICATE_METHOD_MATCH = YES;
				CODE_SIGN_IDENTITY = "iPhone Developer";
				COPY_PHASE_STRIP = NO;
				CURRENT_PROJECT_VERSION = 1;
				DEBUG_INFORMATION_FORMAT = "dwarf-with-dsym";
				ENABLE_NS_ASSERTIONS = NO;
				ENABLE_STRICT_OBJC_MSGSEND = YES;
				GCC_C_LANGUAGE_STANDARD = gnu11;
				GCC_NO_COMMON_BLOCKS = YES;
				GCC_WARN_64_TO_32_BIT_CONVERSION = YES;
				GCC_WARN_ABOUT_RETURN_TYPE = YES_ERROR;
				GCC_WARN_UNDECLARED_SELECTOR = YES;
				GCC_WARN_UNINITIALIZED_AUTOS = YES_AGGRESSIVE;
				GCC_WARN_UNUSED_FUNCTION = YES;
				GCC_WARN_UNUSED_VARIABLE = YES;
				IPHONEOS_DEPLOYMENT_TARGET = 11.0;
				MTL_ENABLE_DEBUG_INFO = NO;
				SDKROOT = iphoneos;
				SWIFT_OPTIMIZATION_LEVEL = "-Owholemodule";
				VALIDATE_PRODUCT = YES;
				VERSIONING_SYSTEM = "apple-generic";
				VERSION_INFO_PREFIX = "";
			};
			name = Release;
		};
		8BA33A531F4E3D2900BA7334 /* Debug */ = {
			isa = XCBuildConfiguration;
			buildSettings = {
				CLANG_ENABLE_MODULES = YES;
				CODE_SIGN_IDENTITY = "";
				DEFINES_MODULE = YES;
				DEVELOPMENT_TEAM = 8M3VJAE87S;
				DYLIB_COMPATIBILITY_VERSION = 1;
				DYLIB_CURRENT_VERSION = 1;
				DYLIB_INSTALL_NAME_BASE = "@rpath";
				INFOPLIST_FILE = SimplifiedCoder/Info.plist;
				INSTALL_PATH = "$(LOCAL_LIBRARY_DIR)/Frameworks";
				LD_RUNPATH_SEARCH_PATHS = "$(inherited) @executable_path/Frameworks @loader_path/Frameworks";
				PRODUCT_BUNDLE_IDENTIFIER = com.okay.Todo5.SimplifiedCoder;
				PRODUCT_NAME = "$(TARGET_NAME:c99extidentifier)";
				SKIP_INSTALL = YES;
				SWIFT_OPTIMIZATION_LEVEL = "-Onone";
				SWIFT_VERSION = 4.0;
				TARGETED_DEVICE_FAMILY = "1,2";
			};
			name = Debug;
		};
		8BA33A541F4E3D2900BA7334 /* Release */ = {
			isa = XCBuildConfiguration;
			buildSettings = {
				CLANG_ENABLE_MODULES = YES;
				CODE_SIGN_IDENTITY = "";
				DEFINES_MODULE = YES;
				DEVELOPMENT_TEAM = 8M3VJAE87S;
				DYLIB_COMPATIBILITY_VERSION = 1;
				DYLIB_CURRENT_VERSION = 1;
				DYLIB_INSTALL_NAME_BASE = "@rpath";
				INFOPLIST_FILE = SimplifiedCoder/Info.plist;
				INSTALL_PATH = "$(LOCAL_LIBRARY_DIR)/Frameworks";
				LD_RUNPATH_SEARCH_PATHS = "$(inherited) @executable_path/Frameworks @loader_path/Frameworks";
				PRODUCT_BUNDLE_IDENTIFIER = com.okay.Todo5.SimplifiedCoder;
				PRODUCT_NAME = "$(TARGET_NAME:c99extidentifier)";
				SKIP_INSTALL = YES;
				SWIFT_VERSION = 4.0;
				TARGETED_DEVICE_FAMILY = "1,2";
			};
			name = Release;
		};
		8BA33A641F4E3DCB00BA7334 /* Debug */ = {
			isa = XCBuildConfiguration;
			buildSettings = {
				DEVELOPMENT_TEAM = 8M3VJAE87S;
				INFOPLIST_FILE = SimplifiedCoderTests/Info.plist;
				LD_RUNPATH_SEARCH_PATHS = "$(inherited) @executable_path/Frameworks @loader_path/Frameworks";
				PRODUCT_BUNDLE_IDENTIFIER = com.okay.Todo5.SimplifiedCoderTests;
				PRODUCT_NAME = "$(TARGET_NAME)";
				SWIFT_VERSION = 4.0;
				TARGETED_DEVICE_FAMILY = "1,2";
			};
			name = Debug;
		};
		8BA33A651F4E3DCB00BA7334 /* Release */ = {
			isa = XCBuildConfiguration;
			buildSettings = {
				DEVELOPMENT_TEAM = 8M3VJAE87S;
				INFOPLIST_FILE = SimplifiedCoderTests/Info.plist;
				LD_RUNPATH_SEARCH_PATHS = "$(inherited) @executable_path/Frameworks @loader_path/Frameworks";
				PRODUCT_BUNDLE_IDENTIFIER = com.okay.Todo5.SimplifiedCoderTests;
				PRODUCT_NAME = "$(TARGET_NAME)";
				SWIFT_VERSION = 4.0;
				TARGETED_DEVICE_FAMILY = "1,2";
			};
			name = Release;
		};
/* End XCBuildConfiguration section */

/* Begin XCConfigurationList section */
		8BA33A441F4E3D2900BA7334 /* Build configuration list for PBXProject "SimplifiedCoder" */ = {
			isa = XCConfigurationList;
			buildConfigurations = (
				8BA33A501F4E3D2900BA7334 /* Debug */,
				8BA33A511F4E3D2900BA7334 /* Release */,
			);
			defaultConfigurationIsVisible = 0;
			defaultConfigurationName = Release;
		};
		8BA33A521F4E3D2900BA7334 /* Build configuration list for PBXNativeTarget "SimplifiedCoder" */ = {
			isa = XCConfigurationList;
			buildConfigurations = (
				8BA33A531F4E3D2900BA7334 /* Debug */,
				8BA33A541F4E3D2900BA7334 /* Release */,
			);
			defaultConfigurationIsVisible = 0;
			defaultConfigurationName = Release;
		};
		8BA33A631F4E3DCB00BA7334 /* Build configuration list for PBXNativeTarget "SimplifiedCoderTests" */ = {
			isa = XCConfigurationList;
			buildConfigurations = (
				8BA33A641F4E3DCB00BA7334 /* Debug */,
				8BA33A651F4E3DCB00BA7334 /* Release */,
			);
			defaultConfigurationIsVisible = 0;
			defaultConfigurationName = Release;
		};
/* End XCConfigurationList section */
	};
	rootObject = 8BA33A411F4E3D2900BA7334 /* Project object */;
}
